
Microsoft Visual Studio Solution File, Format Version 12.00
# Visual Studio Version 16
VisualStudioVersion = 16.0.35931.194
MinimumVisualStudioVersion = 10.0.40219.1
Project("{F184B08F-C81C-45F6-A57F-5ABD9991F28F}") = "LandLord Dashboard", "LandLord Dashboard\LandLord Dashboard.vbproj", "{0515EE50-A567-4935-8F5C-3FD108F938D2}"
EndProject
Global
	GlobalSection(SolutionConfigurationPlatforms) = preSolution
		Debug|Any CPU = Debug|Any CPU
		Release|Any CPU = Release|Any CPU
	EndGlobalSection
	GlobalSection(ProjectConfigurationPlatforms) = postSolution
		{0515EE50-A567-4935-8F5C-3FD108F938D2}.Debug|Any CPU.ActiveCfg = Debug|Any CPU
		{0515EE50-A567-4935-8F5C-3FD108F938D2}.Debug|Any CPU.Build.0 = Debug|Any CPU
		{0515EE50-A567-4935-8F5C-3FD108F938D2}.Release|Any CPU.ActiveCfg = Release|Any CPU
		{0515EE50-A567-4935-8F5C-3FD108F938D2}.Release|Any CPU.Build.0 = Release|Any CPU
	EndGlobalSection
	GlobalSection(SolutionProperties) = preSolution
		HideSolutionNode = FALSE
	EndGlobalSection
	GlobalSection(ExtensibilityGlobals) = postSolution
		SolutionGuid = {82DAE634-07FD-4AD3-9310-E43015307DAB}
	EndGlobalSection
EndGlobal
